// !$*UTF8*$!
{
	archiveVersion = 1;
	classes = {
	};
	objectVersion = 56;
	objects = {

/* Begin PBXBuildFile section */
		0F0F98D42C28D95E00E64F16 /* README.md in Resources */ = {isa = PBXBuildFile; fileRef = 0F0F98D32C28D95B00E64F16 /* README.md */; };
		0FD7E15B2C19037800D21FC3 /* FolderIndexHandler.swift in Sources */ = {isa = PBXBuildFile; fileRef = 0FD7E15A2C19037800D21FC3 /* FolderIndexHandler.swift */; };
		125F2C4A2C063FA9007F9716 /* MostestApp.swift in Sources */ = {isa = PBXBuildFile; fileRef = 125F2C492C063FA9007F9716 /* MostestApp.swift */; };
		125F2C4C2C063FA9007F9716 /* ContentView.swift in Sources */ = {isa = PBXBuildFile; fileRef = 125F2C4B2C063FA9007F9716 /* ContentView.swift */; };
		125F2C4E2C063FAC007F9716 /* Assets.xcassets in Resources */ = {isa = PBXBuildFile; fileRef = 125F2C4D2C063FAC007F9716 /* Assets.xcassets */; };
		125F2C512C063FAC007F9716 /* Preview Assets.xcassets in Resources */ = {isa = PBXBuildFile; fileRef = 125F2C502C063FAC007F9716 /* Preview Assets.xcassets */; };
		125F2C852C07BFE1007F9716 /* FlyingFox in Frameworks */ = {isa = PBXBuildFile; productRef = 125F2C842C07BFE1007F9716 /* FlyingFox */; };
		125F2C872C07BFE1007F9716 /* FlyingSocks in Frameworks */ = {isa = PBXBuildFile; productRef = 125F2C862C07BFE1007F9716 /* FlyingSocks */; };
/* End PBXBuildFile section */

/* Begin PBXFileReference section */
		0F0F98D32C28D95B00E64F16 /* README.md */ = {isa = PBXFileReference; lastKnownFileType = net.daringfireball.markdown; path = README.md; sourceTree = "<group>"; };
		0FD7E15A2C19037800D21FC3 /* FolderIndexHandler.swift */ = {isa = PBXFileReference; lastKnownFileType = sourcecode.swift; path = FolderIndexHandler.swift; sourceTree = "<group>"; };
		125F2C462C063FA9007F9716 /* Mostest.app */ = {isa = PBXFileReference; explicitFileType = wrapper.application; includeInIndex = 0; path = Mostest.app; sourceTree = BUILT_PRODUCTS_DIR; };
		125F2C492C063FA9007F9716 /* MostestApp.swift */ = {isa = PBXFileReference; lastKnownFileType = sourcecode.swift; path = MostestApp.swift; sourceTree = "<group>"; };
		125F2C4B2C063FA9007F9716 /* ContentView.swift */ = {isa = PBXFileReference; lastKnownFileType = sourcecode.swift; path = ContentView.swift; sourceTree = "<group>"; };
		125F2C4D2C063FAC007F9716 /* Assets.xcassets */ = {isa = PBXFileReference; lastKnownFileType = folder.assetcatalog; path = Assets.xcassets; sourceTree = "<group>"; };
		125F2C502C063FAC007F9716 /* Preview Assets.xcassets */ = {isa = PBXFileReference; lastKnownFileType = folder.assetcatalog; path = "Preview Assets.xcassets"; sourceTree = "<group>"; };
		125F2C522C063FAC007F9716 /* Mostest.entitlements */ = {isa = PBXFileReference; lastKnownFileType = text.plist.entitlements; path = Mostest.entitlements; sourceTree = "<group>"; };
		125F2C7F2C07A506007F9716 /* Info.plist */ = {isa = PBXFileReference; lastKnownFileType = text.plist; path = Info.plist; sourceTree = "<group>"; };
/* End PBXFileReference section */

/* Begin PBXFrameworksBuildPhase section */
		125F2C432C063FA9007F9716 /* Frameworks */ = {
			isa = PBXFrameworksBuildPhase;
			buildActionMask = 2147483647;
			files = (
				125F2C852C07BFE1007F9716 /* FlyingFox in Frameworks */,
				125F2C872C07BFE1007F9716 /* FlyingSocks in Frameworks */,
			);
			runOnlyForDeploymentPostprocessing = 0;
		};
/* End PBXFrameworksBuildPhase section */

/* Begin PBXGroup section */
		125F2C3D2C063FA9007F9716 = {
			isa = PBXGroup;
			children = (
				125F2C482C063FA9007F9716 /* Mostest */,
				125F2C472C063FA9007F9716 /* Products */,
			);
			sourceTree = "<group>";
		};
		125F2C472C063FA9007F9716 /* Products */ = {
			isa = PBXGroup;
			children = (
				125F2C462C063FA9007F9716 /* Mostest.app */,
			);
			name = Products;
			sourceTree = "<group>";
		};
		125F2C482C063FA9007F9716 /* Mostest */ = {
			isa = PBXGroup;
			children = (
				0F0F98D32C28D95B00E64F16 /* README.md */,
				125F2C7F2C07A506007F9716 /* Info.plist */,
				125F2C492C063FA9007F9716 /* MostestApp.swift */,
				125F2C4B2C063FA9007F9716 /* ContentView.swift */,
				125F2C4D2C063FAC007F9716 /* Assets.xcassets */,
				125F2C522C063FAC007F9716 /* Mostest.entitlements */,
				125F2C4F2C063FAC007F9716 /* Preview Content */,
				0FD7E15A2C19037800D21FC3 /* FolderIndexHandler.swift */,
			);
			path = Mostest;
			sourceTree = "<group>";
		};
		125F2C4F2C063FAC007F9716 /* Preview Content */ = {
			isa = PBXGroup;
			children = (
				125F2C502C063FAC007F9716 /* Preview Assets.xcassets */,
			);
			path = "Preview Content";
			sourceTree = "<group>";
		};
/* End PBXGroup section */

/* Begin PBXNativeTarget section */
		125F2C452C063FA9007F9716 /* Mostest */ = {
			isa = PBXNativeTarget;
			buildConfigurationList = 125F2C552C063FAC007F9716 /* Build configuration list for PBXNativeTarget "Mostest" */;
			buildPhases = (
				125F2C422C063FA9007F9716 /* Sources */,
				125F2C432C063FA9007F9716 /* Frameworks */,
				125F2C442C063FA9007F9716 /* Resources */,
			);
			buildRules = (
			);
			dependencies = (
			);
			name = Mostest;
			packageProductDependencies = (
				125F2C842C07BFE1007F9716 /* FlyingFox */,
				125F2C862C07BFE1007F9716 /* FlyingSocks */,
			);
			productName = Mostest;
			productReference = 125F2C462C063FA9007F9716 /* Mostest.app */;
			productType = "com.apple.product-type.application";
		};
/* End PBXNativeTarget section */

/* Begin PBXProject section */
		125F2C3E2C063FA9007F9716 /* Project object */ = {
			isa = PBXProject;
			attributes = {
				BuildIndependentTargetsInParallel = 1;
				LastSwiftUpdateCheck = 1540;
				LastUpgradeCheck = 1540;
				TargetAttributes = {
					125F2C452C063FA9007F9716 = {
						CreatedOnToolsVersion = 15.4;
					};
				};
			};
			buildConfigurationList = 125F2C412C063FA9007F9716 /* Build configuration list for PBXProject "Mostest" */;
			compatibilityVersion = "Xcode 14.0";
			developmentRegion = en;
			hasScannedForEncodings = 0;
			knownRegions = (
				en,
				Base,
			);
			mainGroup = 125F2C3D2C063FA9007F9716;
			packageReferences = (
				125F2C832C07BFE1007F9716 /* XCRemoteSwiftPackageReference "FlyingFox" */,
			);
			productRefGroup = 125F2C472C063FA9007F9716 /* Products */;
			projectDirPath = "";
			projectRoot = "";
			targets = (
				125F2C452C063FA9007F9716 /* Mostest */,
			);
		};
/* End PBXProject section */

/* Begin PBXResourcesBuildPhase section */
		125F2C442C063FA9007F9716 /* Resources */ = {
			isa = PBXResourcesBuildPhase;
			buildActionMask = 2147483647;
			files = (
				0F0F98D42C28D95E00E64F16 /* README.md in Resources */,
				125F2C512C063FAC007F9716 /* Preview Assets.xcassets in Resources */,
				125F2C4E2C063FAC007F9716 /* Assets.xcassets in Resources */,
			);
			runOnlyForDeploymentPostprocessing = 0;
		};
/* End PBXResourcesBuildPhase section */

/* Begin PBXSourcesBuildPhase section */
		125F2C422C063FA9007F9716 /* Sources */ = {
			isa = PBXSourcesBuildPhase;
			buildActionMask = 2147483647;
			files = (
				125F2C4C2C063FA9007F9716 /* ContentView.swift in Sources */,
				125F2C4A2C063FA9007F9716 /* MostestApp.swift in Sources */,
				0FD7E15B2C19037800D21FC3 /* FolderIndexHandler.swift in Sources */,
			);
			runOnlyForDeploymentPostprocessing = 0;
		};
/* End PBXSourcesBuildPhase section */

/* Begin XCBuildConfiguration section */
		125F2C532C063FAC007F9716 /* Debug */ = {
			isa = XCBuildConfiguration;
			buildSettings = {
				ALWAYS_SEARCH_USER_PATHS = NO;
				ASSETCATALOG_COMPILER_GENERATE_SWIFT_ASSET_SYMBOL_EXTENSIONS = YES;
				CLANG_ANALYZER_NONNULL = YES;
				CLANG_ANALYZER_NUMBER_OBJECT_CONVERSION = YES_AGGRESSIVE;
				CLANG_CXX_LANGUAGE_STANDARD = "gnu++20";
				CLANG_ENABLE_MODULES = YES;
				CLANG_ENABLE_OBJC_ARC = YES;
				CLANG_ENABLE_OBJC_WEAK = YES;
				CLANG_WARN_BLOCK_CAPTURE_AUTORELEASING = YES;
				CLANG_WARN_BOOL_CONVERSION = YES;
				CLANG_WARN_COMMA = YES;
				CLANG_WARN_CONSTANT_CONVERSION = YES;
				CLANG_WARN_DEPRECATED_OBJC_IMPLEMENTATIONS = YES;
				CLANG_WARN_DIRECT_OBJC_ISA_USAGE = YES_ERROR;
				CLANG_WARN_DOCUMENTATION_COMMENTS = YES;
				CLANG_WARN_EMPTY_BODY = YES;
				CLANG_WARN_ENUM_CONVERSION = YES;
				CLANG_WARN_INFINITE_RECURSION = YES;
				CLANG_WARN_INT_CONVERSION = YES;
				CLANG_WARN_NON_LITERAL_NULL_CONVERSION = YES;
				CLANG_WARN_OBJC_IMPLICIT_RETAIN_SELF = YES;
				CLANG_WARN_OBJC_LITERAL_CONVERSION = YES;
				CLANG_WARN_OBJC_ROOT_CLASS = YES_ERROR;
				CLANG_WARN_QUOTED_INCLUDE_IN_FRAMEWORK_HEADER = YES;
				CLANG_WARN_RANGE_LOOP_ANALYSIS = YES;
				CLANG_WARN_STRICT_PROTOTYPES = YES;
				CLANG_WARN_SUSPICIOUS_MOVE = YES;
				CLANG_WARN_UNGUARDED_AVAILABILITY = YES_AGGRESSIVE;
				CLANG_WARN_UNREACHABLE_CODE = YES;
				CLANG_WARN__DUPLICATE_METHOD_MATCH = YES;
				COPY_PHASE_STRIP = NO;
				DEBUG_INFORMATION_FORMAT = dwarf;
				ENABLE_STRICT_OBJC_MSGSEND = YES;
				ENABLE_TESTABILITY = YES;
				ENABLE_USER_SCRIPT_SANDBOXING = YES;
				GCC_C_LANGUAGE_STANDARD = gnu17;
				GCC_DYNAMIC_NO_PIC = NO;
				GCC_NO_COMMON_BLOCKS = YES;
				GCC_OPTIMIZATION_LEVEL = 0;
				GCC_PREPROCESSOR_DEFINITIONS = (
					"DEBUG=1",
					"$(inherited)",
				);
				GCC_WARN_64_TO_32_BIT_CONVERSION = YES;
				GCC_WARN_ABOUT_RETURN_TYPE = YES_ERROR;
				GCC_WARN_UNDECLARED_SELECTOR = YES;
				GCC_WARN_UNINITIALIZED_AUTOS = YES_AGGRESSIVE;
				GCC_WARN_UNUSED_FUNCTION = YES;
				GCC_WARN_UNUSED_VARIABLE = YES;
				LOCALIZATION_PREFERS_STRING_CATALOGS = YES;
				MACOSX_DEPLOYMENT_TARGET = 14.4;
				MTL_ENABLE_DEBUG_INFO = INCLUDE_SOURCE;
				MTL_FAST_MATH = YES;
				ONLY_ACTIVE_ARCH = YES;
				SDKROOT = macosx;
				SWIFT_ACTIVE_COMPILATION_CONDITIONS = "DEBUG $(inherited)";
				SWIFT_OPTIMIZATION_LEVEL = "-Onone";
			};
			name = Debug;
		};
		125F2C542C063FAC007F9716 /* Release */ = {
			isa = XCBuildConfiguration;
			buildSettings = {
				ALWAYS_SEARCH_USER_PATHS = NO;
				ASSETCATALOG_COMPILER_GENERATE_SWIFT_ASSET_SYMBOL_EXTENSIONS = YES;
				CLANG_ANALYZER_NONNULL = YES;
				CLANG_ANALYZER_NUMBER_OBJECT_CONVERSION = YES_AGGRESSIVE;
				CLANG_CXX_LANGUAGE_STANDARD = "gnu++20";
				CLANG_ENABLE_MODULES = YES;
				CLANG_ENABLE_OBJC_ARC = YES;
				CLANG_ENABLE_OBJC_WEAK = YES;
				CLANG_WARN_BLOCK_CAPTURE_AUTORELEASING = YES;
				CLANG_WARN_BOOL_CONVERSION = YES;
				CLANG_WARN_COMMA = YES;
				CLANG_WARN_CONSTANT_CONVERSION = YES;
				CLANG_WARN_DEPRECATED_OBJC_IMPLEMENTATIONS = YES;
				CLANG_WARN_DIRECT_OBJC_ISA_USAGE = YES_ERROR;
				CLANG_WARN_DOCUMENTATION_COMMENTS = YES;
				CLANG_WARN_EMPTY_BODY = YES;
				CLANG_WARN_ENUM_CONVERSION = YES;
				CLANG_WARN_INFINITE_RECURSION = YES;
				CLANG_WARN_INT_CONVERSION = YES;
				CLANG_WARN_NON_LITERAL_NULL_CONVERSION = YES;
				CLANG_WARN_OBJC_IMPLICIT_RETAIN_SELF = YES;
				CLANG_WARN_OBJC_LITERAL_CONVERSION = YES;
				CLANG_WARN_OBJC_ROOT_CLASS = YES_ERROR;
				CLANG_WARN_QUOTED_INCLUDE_IN_FRAMEWORK_HEADER = YES;
				CLANG_WARN_RANGE_LOOP_ANALYSIS = YES;
				CLANG_WARN_STRICT_PROTOTYPES = YES;
				CLANG_WARN_SUSPICIOUS_MOVE = YES;
				CLANG_WARN_UNGUARDED_AVAILABILITY = YES_AGGRESSIVE;
				CLANG_WARN_UNREACHABLE_CODE = YES;
				CLANG_WARN__DUPLICATE_METHOD_MATCH = YES;
				COPY_PHASE_STRIP = NO;
				DEBUG_INFORMATION_FORMAT = "dwarf-with-dsym";
				ENABLE_NS_ASSERTIONS = NO;
				ENABLE_STRICT_OBJC_MSGSEND = YES;
				ENABLE_USER_SCRIPT_SANDBOXING = YES;
				GCC_C_LANGUAGE_STANDARD = gnu17;
				GCC_NO_COMMON_BLOCKS = YES;
				GCC_WARN_64_TO_32_BIT_CONVERSION = YES;
				GCC_WARN_ABOUT_RETURN_TYPE = YES_ERROR;
				GCC_WARN_UNDECLARED_SELECTOR = YES;
				GCC_WARN_UNINITIALIZED_AUTOS = YES_AGGRESSIVE;
				GCC_WARN_UNUSED_FUNCTION = YES;
				GCC_WARN_UNUSED_VARIABLE = YES;
				LOCALIZATION_PREFERS_STRING_CATALOGS = YES;
				MACOSX_DEPLOYMENT_TARGET = 14.4;
				MTL_ENABLE_DEBUG_INFO = NO;
				MTL_FAST_MATH = YES;
				SDKROOT = macosx;
				SWIFT_COMPILATION_MODE = wholemodule;
			};
			name = Release;
		};
		125F2C562C063FAC007F9716 /* Debug */ = {
			isa = XCBuildConfiguration;
			buildSettings = {
				ASSETCATALOG_COMPILER_APPICON_NAME = AppIcon;
				ASSETCATALOG_COMPILER_GLOBAL_ACCENT_COLOR_NAME = AccentColor;
				CODE_SIGN_ENTITLEMENTS = Mostest/Mostest.entitlements;
				CODE_SIGN_STYLE = Automatic;
				COMBINE_HIDPI_IMAGES = YES;
				CURRENT_PROJECT_VERSION = 1;
				DEVELOPMENT_ASSET_PATHS = "\"Mostest/Preview Content\"";
				DEVELOPMENT_TEAM = FS69ZZRN45;
				ENABLE_HARDENED_RUNTIME = YES;
				ENABLE_PREVIEWS = YES;
				GENERATE_INFOPLIST_FILE = YES;
				INFOPLIST_FILE = Mostest/Info.plist;
				INFOPLIST_KEY_LSApplicationCategoryType = "public.app-category.utilities";
				INFOPLIST_KEY_NSDocumentsFolderUsageDescription = "We need permission to select folders to watch";
				INFOPLIST_KEY_NSDownloadsFolderUsageDescription = "We need permission to select folders to watch";
				INFOPLIST_KEY_NSFileProviderDomainUsageDescription = "We need permission to select folders to watch";
				INFOPLIST_KEY_NSHumanReadableCopyright = "";
				LD_RUNPATH_SEARCH_PATHS = (
					"$(inherited)",
					"@executable_path/../Frameworks",
				);
				MARKETING_VERSION = 1.0;
				PRODUCT_BUNDLE_IDENTIFIER = science.pixel.Mostest;
				PRODUCT_NAME = "$(TARGET_NAME)";
				SWIFT_EMIT_LOC_STRINGS = YES;
				SWIFT_VERSION = 5.0;
			};
			name = Debug;
		};
		125F2C572C063FAC007F9716 /* Release */ = {
			isa = XCBuildConfiguration;
			buildSettings = {
				ASSETCATALOG_COMPILER_APPICON_NAME = AppIcon;
				ASSETCATALOG_COMPILER_GLOBAL_ACCENT_COLOR_NAME = AccentColor;
				CODE_SIGN_ENTITLEMENTS = Mostest/Mostest.entitlements;
				CODE_SIGN_STYLE = Automatic;
				COMBINE_HIDPI_IMAGES = YES;
				CURRENT_PROJECT_VERSION = 1;
				DEVELOPMENT_ASSET_PATHS = "\"Mostest/Preview Content\"";
				DEVELOPMENT_TEAM = FS69ZZRN45;
				ENABLE_HARDENED_RUNTIME = YES;
				ENABLE_PREVIEWS = YES;
				GENERATE_INFOPLIST_FILE = YES;
				INFOPLIST_FILE = Mostest/Info.plist;
				INFOPLIST_KEY_LSApplicationCategoryType = "public.app-category.utilities";
				INFOPLIST_KEY_NSDocumentsFolderUsageDescription = "We need permission to select folders to watch";
				INFOPLIST_KEY_NSDownloadsFolderUsageDescription = "We need permission to select folders to watch";
				INFOPLIST_KEY_NSFileProviderDomainUsageDescription = "We need permission to select folders to watch";
				INFOPLIST_KEY_NSHumanReadableCopyright = "";
				LD_RUNPATH_SEARCH_PATHS = (
					"$(inherited)",
					"@executable_path/../Frameworks",
				);
				MARKETING_VERSION = 1.0;
				PRODUCT_BUNDLE_IDENTIFIER = science.pixel.Mostest;
				PRODUCT_NAME = "$(TARGET_NAME)";
				SWIFT_EMIT_LOC_STRINGS = YES;
				SWIFT_VERSION = 5.0;
			};
			name = Release;
		};
/* End XCBuildConfiguration section */

/* Begin XCConfigurationList section */
		125F2C412C063FA9007F9716 /* Build configuration list for PBXProject "Mostest" */ = {
			isa = XCConfigurationList;
			buildConfigurations = (
				125F2C532C063FAC007F9716 /* Debug */,
				125F2C542C063FAC007F9716 /* Release */,
			);
			defaultConfigurationIsVisible = 0;
			defaultConfigurationName = Release;
		};
		125F2C552C063FAC007F9716 /* Build configuration list for PBXNativeTarget "Mostest" */ = {
			isa = XCConfigurationList;
			buildConfigurations = (
				125F2C562C063FAC007F9716 /* Debug */,
				125F2C572C063FAC007F9716 /* Release */,
			);
			defaultConfigurationIsVisible = 0;
			defaultConfigurationName = Release;
		};
/* End XCConfigurationList section */

/* Begin XCRemoteSwiftPackageReference section */
		125F2C832C07BFE1007F9716 /* XCRemoteSwiftPackageReference "FlyingFox" */ = {
			isa = XCRemoteSwiftPackageReference;
			repositoryURL = "https://github.com/swhitty/FlyingFox";
			requirement = {
				kind = upToNextMajorVersion;
				minimumVersion = 0.14.0;
			};
		};
/* End XCRemoteSwiftPackageReference section */

/* Begin XCSwiftPackageProductDependency section */
		125F2C842C07BFE1007F9716 /* FlyingFox */ = {
			isa = XCSwiftPackageProductDependency;
			package = 125F2C832C07BFE1007F9716 /* XCRemoteSwiftPackageReference "FlyingFox" */;
			productName = FlyingFox;
		};
		125F2C862C07BFE1007F9716 /* FlyingSocks */ = {
			isa = XCSwiftPackageProductDependency;
			package = 125F2C832C07BFE1007F9716 /* XCRemoteSwiftPackageReference "FlyingFox" */;
			productName = FlyingSocks;
		};
/* End XCSwiftPackageProductDependency section */
	};
	rootObject = 125F2C3E2C063FA9007F9716 /* Project object */;
}
